{
  "name": ".skillbyte",
  "lockfileVersion": 3,
  "requires": true,
  "packages": {
    "": {
      "dependencies": {
        "skillbyte-root": "file:.."
      }
    },
    "..": {
      "name": "skillbyte-root",
      "version": "0.0.0",
      "dependencies": {
        "axios": "^1.12.2",
        "cors": "^2.8.5",
        "dotenv": "^17.2.3",
        "express": "^5.1.0",
        "multer": "^2.0.2",
        "node-fetch": "^3.3.2",
        "openai": "^6.4.0",
        "pdf-parse": "^2.4.5",
        "pdfjs-dist": "^5.4.296"
      },
      "devDependencies": {
        "concurrently": "^8.2.0"
      }
    },
    "node_modules/skillbyte-root": {
      "resolved": "..",
      "link": true
    }
  }
}
